// !$*UTF8*$!
{
	archiveVersion = 1;
	classes = {
	};
	objectVersion = 77;
	objects = {

/* Begin PBXBuildFile section */
		AA1B2C3D4E5F6A7B8C9D0E0D /* MateDashWidgetsExtension.appex in Embed App Extensions */ = {isa = PBXBuildFile; fileRef = AA1B2C3D4E5F6A7B8C9D0E01 /* MateDashWidgetsExtension.appex */; settings = {ATTRIBUTES = (RemoveHeadersOnCopy, ); }; };
		BB1B2C3D4E5F6A7B8C9D0E0D /* MateDashShareExtension.appex in Embed App Extensions */ = {isa = PBXBuildFile; fileRef = BB1B2C3D4E5F6A7B8C9D0E01 /* MateDashShareExtension.appex */; settings = {ATTRIBUTES = (RemoveHeadersOnCopy, ); }; };
/* End PBXBuildFile section */

/* Begin PBXContainerItemProxy section */
		AA1B2C3D4E5F6A7B8C9D0E0A /* PBXContainerItemProxy */ = {
			isa = PBXContainerItemProxy;
			containerPortal = 6CFFEFA9B5BB8B237FDD0DA4 /* Project object */;
			proxyType = 1;
			remoteGlobalIDString = AA1B2C3D4E5F6A7B8C9D0E05;
			remoteInfo = MateDashWidgetsExtension;
		};
		BB1B2C3D4E5F6A7B8C9D0E0A /* PBXContainerItemProxy */ = {
			isa = PBXContainerItemProxy;
			containerPortal = 6CFFEFA9B5BB8B237FDD0DA4 /* Project object */;
			proxyType = 1;
			remoteGlobalIDString = BB1B2C3D4E5F6A7B8C9D0E05;
			remoteInfo = MateDashShareExtension;
		};
/* End PBXContainerItemProxy section */

/* Begin PBXCopyFilesBuildPhase section */
		AA1B2C3D4E5F6A7B8C9D0E0C /* Embed App Extensions */ = {
			isa = PBXCopyFilesBuildPhase;
			buildActionMask = 2147483647;
			dstPath = "";
			dstSubfolderSpec = 13;
			files = (
				AA1B2C3D4E5F6A7B8C9D0E0D /* MateDashWidgetsExtension.appex in Embed App Extensions */,
				BB1B2C3D4E5F6A7B8C9D0E0D /* MateDashShareExtension.appex in Embed App Extensions */,
			);
			name = "Embed App Extensions";
			runOnlyForDeploymentPostprocessing = 0;
		};
/* End PBXCopyFilesBuildPhase section */

/* Begin PBXFileReference section */
		AA1B2C3D4E5F6A7B8C9D0E01 /* MateDashWidgetsExtension.appex */ = {isa = PBXFileReference; explicitFileType = "wrapper.app-extension"; includeInIndex = 0; path = MateDashWidgetsExtension.appex; sourceTree = BUILT_PRODUCTS_DIR; };
		BB1B2C3D4E5F6A7B8C9D0E01 /* MateDashShareExtension.appex */ = {isa = PBXFileReference; explicitFileType = "wrapper.app-extension"; includeInIndex = 0; path = MateDashShareExtension.appex; sourceTree = BUILT_PRODUCTS_DIR; };
		AF86D7813CE3E7A217326FF2 /* MateDash.app */ = {isa = PBXFileReference; explicitFileType = wrapper.application; includeInIndex = 0; path = MateDash.app; sourceTree = BUILT_PRODUCTS_DIR; };
/* End PBXFileReference section */

/* Begin PBXFileSystemSynchronizedBuildFileExceptionSet section */
		5BC99CA08F3EB6FF2A2769FE /* Exceptions for "iosApp" folder in "iosApp" target */ = {
			isa = PBXFileSystemSynchronizedBuildFileExceptionSet;
			membershipExceptions = (
				Info.plist,
			);
			target = FBBBDF94420753B1A13F7E2A /* iosApp */;
		};
		6E102F422F93C749003116AA /* Exceptions for "MateDashWidgets" folder in "iosApp" target */ = {
			isa = PBXFileSystemSynchronizedBuildFileExceptionSet;
			membershipExceptions = (
				LiveActivity/ChargingActivityAttributes.swift,
				LiveActivity/ChargingLiveActivity.swift,
				LiveActivity/DrivingActivityAttributes.swift,
				LiveActivity/DrivingLiveActivity.swift,
			);
			target = FBBBDF94420753B1A13F7E2A /* iosApp */;
		};
		AA1B2C3D4E5F6A7B8C9D0E0E /* Exceptions for "MateDashWidgets" folder in "MateDashWidgetsExtension" target */ = {
			isa = PBXFileSystemSynchronizedBuildFileExceptionSet;
			membershipExceptions = (
				Info.plist,
			);
			target = AA1B2C3D4E5F6A7B8C9D0E05 /* MateDashWidgetsExtension */;
		};
		BB1B2C3D4E5F6A7B8C9D0E0E /* Exceptions for "MateDashShare" folder in "MateDashShareExtension" target */ = {
			isa = PBXFileSystemSynchronizedBuildFileExceptionSet;
			membershipExceptions = (
				Info.plist,
			);
			target = BB1B2C3D4E5F6A7B8C9D0E05 /* MateDashShareExtension */;
		};
/* End PBXFileSystemSynchronizedBuildFileExceptionSet section */

/* Begin PBXFileSystemSynchronizedRootGroup section */
		AA1B2C3D4E5F6A7B8C9D0E09 /* MateDashWidgets */ = {
			isa = PBXFileSystemSynchronizedRootGroup;
			exceptions = (
				6E102F422F93C749003116AA /* Exceptions for "MateDashWidgets" folder in "iosApp" target */,
				AA1B2C3D4E5F6A7B8C9D0E0E /* Exceptions for "MateDashWidgets" folder in "MateDashWidgetsExtension" target */,
			);
			path = MateDashWidgets;
			sourceTree = "<group>";
		};
		BB1B2C3D4E5F6A7B8C9D0E09 /* MateDashShare */ = {
			isa = PBXFileSystemSynchronizedRootGroup;
			exceptions = (
				BB1B2C3D4E5F6A7B8C9D0E0E /* Exceptions for "MateDashShare" folder in "MateDashShareExtension" target */,
			);
			path = MateDashShare;
			sourceTree = "<group>";
		};
		BAF483F320B2096A7FCE246F /* Configuration */ = {
			isa = PBXFileSystemSynchronizedRootGroup;
			path = Configuration;
			sourceTree = "<group>";
		};
		EC28150D0269AC64B00627FB /* iosApp */ = {
			isa = PBXFileSystemSynchronizedRootGroup;
			exceptions = (
				5BC99CA08F3EB6FF2A2769FE /* Exceptions for "iosApp" folder in "iosApp" target */,
			);
			path = iosApp;
			sourceTree = "<group>";
		};
/* End PBXFileSystemSynchronizedRootGroup section */

/* Begin PBXFrameworksBuildPhase section */
		AA1B2C3D4E5F6A7B8C9D0E03 /* Frameworks */ = {
			isa = PBXFrameworksBuildPhase;
			buildActionMask = 2147483647;
			files = (
			);
			runOnlyForDeploymentPostprocessing = 0;
		};
		BB1B2C3D4E5F6A7B8C9D0E03 /* Frameworks */ = {
			isa = PBXFrameworksBuildPhase;
			buildActionMask = 2147483647;
			files = (
			);
			runOnlyForDeploymentPostprocessing = 0;
		};
		DE2AA5283D7674D1B18C0AD4 /* Frameworks */ = {
			isa = PBXFrameworksBuildPhase;
			buildActionMask = 2147483647;
			files = (
			);
			runOnlyForDeploymentPostprocessing = 0;
		};
/* End PBXFrameworksBuildPhase section */

/* Begin PBXGroup section */
		0D2A2D07C11CDC92195AAB20 = {
			isa = PBXGroup;
			children = (
				BAF483F320B2096A7FCE246F /* Configuration */,
				EC28150D0269AC64B00627FB /* iosApp */,
				AA1B2C3D4E5F6A7B8C9D0E09 /* MateDashWidgets */,
				BB1B2C3D4E5F6A7B8C9D0E09 /* MateDashShare */,
				791DCB2F7B36580423DB46CD /* Products */,
			);
			sourceTree = "<group>";
		};
		791DCB2F7B36580423DB46CD /* Products */ = {
			isa = PBXGroup;
			children = (
				AF86D7813CE3E7A217326FF2 /* MateDash.app */,
				AA1B2C3D4E5F6A7B8C9D0E01 /* MateDashWidgetsExtension.appex */,
				BB1B2C3D4E5F6A7B8C9D0E01 /* MateDashShareExtension.appex */,
			);
			name = Products;
			sourceTree = "<group>";
		};
/* End PBXGroup section */

/* Begin PBXNativeTarget section */
		AA1B2C3D4E5F6A7B8C9D0E05 /* MateDashWidgetsExtension */ = {
			isa = PBXNativeTarget;
			buildConfigurationList = AA1B2C3D4E5F6A7B8C9D0E06 /* Build configuration list for PBXNativeTarget "MateDashWidgetsExtension" */;
			buildPhases = (
				AA1B2C3D4E5F6A7B8C9D0E02 /* Sources */,
				AA1B2C3D4E5F6A7B8C9D0E03 /* Frameworks */,
				AA1B2C3D4E5F6A7B8C9D0E04 /* Resources */,
			);
			buildRules = (
			);
			dependencies = (
			);
			fileSystemSynchronizedGroups = (
				AA1B2C3D4E5F6A7B8C9D0E09 /* MateDashWidgets */,
			);
			name = MateDashWidgetsExtension;
			packageProductDependencies = (
			);
			productName = MateDashWidgetsExtension;
			productReference = AA1B2C3D4E5F6A7B8C9D0E01 /* MateDashWidgetsExtension.appex */;
			productType = "com.apple.product-type.app-extension";
		};
		BB1B2C3D4E5F6A7B8C9D0E05 /* MateDashShareExtension */ = {
			isa = PBXNativeTarget;
			buildConfigurationList = BB1B2C3D4E5F6A7B8C9D0E06 /* Build configuration list for PBXNativeTarget "MateDashShareExtension" */;
			buildPhases = (
				BB1B2C3D4E5F6A7B8C9D0E02 /* Sources */,
				BB1B2C3D4E5F6A7B8C9D0E03 /* Frameworks */,
				BB1B2C3D4E5F6A7B8C9D0E04 /* Resources */,
			);
			buildRules = (
			);
			dependencies = (
			);
			fileSystemSynchronizedGroups = (
				BB1B2C3D4E5F6A7B8C9D0E09 /* MateDashShare */,
			);
			name = MateDashShareExtension;
			packageProductDependencies = (
			);
			productName = MateDashShareExtension;
			productReference = BB1B2C3D4E5F6A7B8C9D0E01 /* MateDashShareExtension.appex */;
			productType = "com.apple.product-type.app-extension";
		};
		FBBBDF94420753B1A13F7E2A /* iosApp */ = {
			isa = PBXNativeTarget;
			buildConfigurationList = 155B6706D9603BF3BDACDD55 /* Build configuration list for PBXNativeTarget "iosApp" */;
			buildPhases = (
				60A744D88484E17E6C1D0446 /* Compile Kotlin Framework */,
				01B407F8682825B0A21DA96E /* Sources */,
				DE2AA5283D7674D1B18C0AD4 /* Frameworks */,
				A11CA1180286594E0E1F37AB /* Resources */,
				AA1B2C3D4E5F6A7B8C9D0E0C /* Embed App Extensions */,
			);
			buildRules = (
			);
			dependencies = (
				AA1B2C3D4E5F6A7B8C9D0E0B /* PBXTargetDependency */,
				BB1B2C3D4E5F6A7B8C9D0E0B /* PBXTargetDependency */,
			);
			fileSystemSynchronizedGroups = (
				EC28150D0269AC64B00627FB /* iosApp */,
			);
			name = iosApp;
			packageProductDependencies = (
			);
			productName = iosApp;
			productReference = AF86D7813CE3E7A217326FF2 /* MateDash.app */;
			productType = "com.apple.product-type.application";
		};
/* End PBXNativeTarget section */

/* Begin PBXProject section */
		6CFFEFA9B5BB8B237FDD0DA4 /* Project object */ = {
			isa = PBXProject;
			attributes = {
				BuildIndependentTargetsInParallel = 1;
				LastSwiftUpdateCheck = 1620;
				LastUpgradeCheck = 1620;
				TargetAttributes = {
					AA1B2C3D4E5F6A7B8C9D0E05 = {
						CreatedOnToolsVersion = 16.2;
					};
					BB1B2C3D4E5F6A7B8C9D0E05 = {
						CreatedOnToolsVersion = 16.2;
					};
					FBBBDF94420753B1A13F7E2A = {
						CreatedOnToolsVersion = 16.2;
					};
				};
			};
			buildConfigurationList = 2315950FF7C58DDECB9BE095 /* Build configuration list for PBXProject "iosApp" */;
			developmentRegion = en;
			hasScannedForEncodings = 0;
			knownRegions = (
				en,
				Base,
			);
			mainGroup = 0D2A2D07C11CDC92195AAB20;
			minimizedProjectReferenceProxies = 1;
			preferredProjectObjectVersion = 77;
			productRefGroup = 791DCB2F7B36580423DB46CD /* Products */;
			projectDirPath = "";
			projectRoot = "";
			targets = (
				FBBBDF94420753B1A13F7E2A /* iosApp */,
				AA1B2C3D4E5F6A7B8C9D0E05 /* MateDashWidgetsExtension */,
				BB1B2C3D4E5F6A7B8C9D0E05 /* MateDashShareExtension */,
			);
		};
/* End PBXProject section */

/* Begin PBXResourcesBuildPhase section */
		A11CA1180286594E0E1F37AB /* Resources */ = {
			isa = PBXResourcesBuildPhase;
			buildActionMask = 2147483647;
			files = (
			);
			runOnlyForDeploymentPostprocessing = 0;
		};
		AA1B2C3D4E5F6A7B8C9D0E04 /* Resources */ = {
			isa = PBXResourcesBuildPhase;
			buildActionMask = 2147483647;
			files = (
			);
			runOnlyForDeploymentPostprocessing = 0;
		};
		BB1B2C3D4E5F6A7B8C9D0E04 /* Resources */ = {
			isa = PBXResourcesBuildPhase;
			buildActionMask = 2147483647;
			files = (
			);
			runOnlyForDeploymentPostprocessing = 0;
		};
/* End PBXResourcesBuildPhase section */

/* Begin PBXShellScriptBuildPhase section */
		60A744D88484E17E6C1D0446 /* Compile Kotlin Framework */ = {
			isa = PBXShellScriptBuildPhase;
			alwaysOutOfDate = 1;
			buildActionMask = 2147483647;
			files = (
			);
			inputFileListPaths = (
			);
			inputPaths = (
			);
			name = "Compile Kotlin Framework";
			outputFileListPaths = (
			);
			outputPaths = (
			);
			runOnlyForDeploymentPostprocessing = 0;
			shellPath = /bin/sh;
			shellScript = "if [ \"YES\" = \"$OVERRIDE_KOTLIN_BUILD_IDE_SUPPORTED\" ]; then\n  echo \"Skipping Gradle build task invocation due to OVERRIDE_KOTLIN_BUILD_IDE_SUPPORTED environment variable set to \\\"YES\\\"\"\n  exit 0\nfi\ncd \"$SRCROOT/..\"\n./gradlew :composeApp:embedAndSignAppleFrameworkForXcode\n";
		};
/* End PBXShellScriptBuildPhase section */

/* Begin PBXSourcesBuildPhase section */
		01B407F8682825B0A21DA96E /* Sources */ = {
			isa = PBXSourcesBuildPhase;
			buildActionMask = 2147483647;
			files = (
			);
			runOnlyForDeploymentPostprocessing = 0;
		};
		AA1B2C3D4E5F6A7B8C9D0E02 /* Sources */ = {
			isa = PBXSourcesBuildPhase;
			buildActionMask = 2147483647;
			files = (
			);
			runOnlyForDeploymentPostprocessing = 0;
		};
		BB1B2C3D4E5F6A7B8C9D0E02 /* Sources */ = {
			isa = PBXSourcesBuildPhase;
			buildActionMask = 2147483647;
			files = (
			);
			runOnlyForDeploymentPostprocessing = 0;
		};
/* End PBXSourcesBuildPhase section */

/* Begin PBXTargetDependency section */
		AA1B2C3D4E5F6A7B8C9D0E0B /* PBXTargetDependency */ = {
			isa = PBXTargetDependency;
			target = AA1B2C3D4E5F6A7B8C9D0E05 /* MateDashWidgetsExtension */;
			targetProxy = AA1B2C3D4E5F6A7B8C9D0E0A /* PBXContainerItemProxy */;
		};
		BB1B2C3D4E5F6A7B8C9D0E0B /* PBXTargetDependency */ = {
			isa = PBXTargetDependency;
			target = BB1B2C3D4E5F6A7B8C9D0E05 /* MateDashShareExtension */;
			targetProxy = BB1B2C3D4E5F6A7B8C9D0E0A /* PBXContainerItemProxy */;
		};
/* End PBXTargetDependency section */

/* Begin XCBuildConfiguration section */
		044508CBAA500F95384A1C7F /* Debug */ = {
			isa = XCBuildConfiguration;
			buildSettings = {
				ARCHS = arm64;
				ASSETCATALOG_COMPILER_APPICON_NAME = AppIcon;
				ASSETCATALOG_COMPILER_GLOBAL_ACCENT_COLOR_NAME = AccentColor;
				CODE_SIGN_ENTITLEMENTS = iosApp/iosApp.entitlements;
				CODE_SIGN_IDENTITY = "Apple Development";
				CODE_SIGN_STYLE = Automatic;
				DEVELOPMENT_ASSET_PATHS = "\"iosApp/Preview Content\"";
				DEVELOPMENT_TEAM = 4UZD57F52C;
				ENABLE_PREVIEWS = YES;
				GENERATE_INFOPLIST_FILE = YES;
				INFOPLIST_FILE = iosApp/Info.plist;
				INFOPLIST_KEY_UIApplicationSceneManifest_Generation = YES;
				INFOPLIST_KEY_UIApplicationSupportsIndirectInputEvents = YES;
				INFOPLIST_KEY_UILaunchScreen_Generation = YES;
				INFOPLIST_KEY_UISupportedInterfaceOrientations_iPad = "UIInterfaceOrientationPortrait UIInterfaceOrientationPortraitUpsideDown UIInterfaceOrientationLandscapeLeft UIInterfaceOrientationLandscapeRight";
				INFOPLIST_KEY_UISupportedInterfaceOrientations_iPhone = "UIInterfaceOrientationPortrait UIInterfaceOrientationLandscapeLeft UIInterfaceOrientationLandscapeRight";
				LD_RUNPATH_SEARCH_PATHS = (
					"$(inherited)",
					"@executable_path/Frameworks",
				);
				SWIFT_EMIT_LOC_STRINGS = YES;
				SWIFT_VERSION = 5.0;
				TARGETED_DEVICE_FAMILY = "1,2";
			};
			name = Debug;
		};
		10348C60ECB32314CB788337 /* Release */ = {
			isa = XCBuildConfiguration;
			buildSettings = {
				ARCHS = arm64;
				ASSETCATALOG_COMPILER_APPICON_NAME = AppIcon;
				ASSETCATALOG_COMPILER_GLOBAL_ACCENT_COLOR_NAME = AccentColor;
				CODE_SIGN_ENTITLEMENTS = iosApp/iosApp.entitlements;
				CODE_SIGN_IDENTITY = "Apple Development";
				CODE_SIGN_STYLE = Automatic;
				DEVELOPMENT_ASSET_PATHS = "\"iosApp/Preview Content\"";
				DEVELOPMENT_TEAM = 4UZD57F52C;
				ENABLE_PREVIEWS = YES;
				GENERATE_INFOPLIST_FILE = YES;
				INFOPLIST_FILE = iosApp/Info.plist;
				INFOPLIST_KEY_UIApplicationSceneManifest_Generation = YES;
				INFOPLIST_KEY_UIApplicationSupportsIndirectInputEvents = YES;
				INFOPLIST_KEY_UILaunchScreen_Generation = YES;
				INFOPLIST_KEY_UISupportedInterfaceOrientations_iPad = "UIInterfaceOrientationPortrait UIInterfaceOrientationPortraitUpsideDown UIInterfaceOrientationLandscapeLeft UIInterfaceOrientationLandscapeRight";
				INFOPLIST_KEY_UISupportedInterfaceOrientations_iPhone = "UIInterfaceOrientationPortrait UIInterfaceOrientationLandscapeLeft UIInterfaceOrientationLandscapeRight";
				LD_RUNPATH_SEARCH_PATHS = (
					"$(inherited)",
					"@executable_path/Frameworks",
				);
				SWIFT_EMIT_LOC_STRINGS = YES;
				SWIFT_VERSION = 5.0;
				TARGETED_DEVICE_FAMILY = "1,2";
			};
			name = Release;
		};
		234B5ABD2096CD1BF6AD7E95 /* Debug */ = {
			isa = XCBuildConfiguration;
			baseConfigurationReferenceAnchor = BAF483F320B2096A7FCE246F /* Configuration */;
			baseConfigurationReferenceRelativePath = Config.xcconfig;
			buildSettings = {
				ALWAYS_SEARCH_USER_PATHS = NO;
				ASSETCATALOG_COMPILER_GENERATE_SWIFT_ASSET_SYMBOL_EXTENSIONS = YES;
				CLANG_ANALYZER_NONNULL = YES;
				CLANG_ANALYZER_NUMBER_OBJECT_CONVERSION = YES_AGGRESSIVE;
				CLANG_CXX_LANGUAGE_STANDARD = "gnu++20";
				CLANG_ENABLE_MODULES = YES;
				CLANG_ENABLE_OBJC_ARC = YES;
				CLANG_ENABLE_OBJC_WEAK = YES;
				CLANG_WARN_BLOCK_CAPTURE_AUTORELEASING = YES;
				CLANG_WARN_BOOL_CONVERSION = YES;
				CLANG_WARN_COMMA = YES;
				CLANG_WARN_CONSTANT_CONVERSION = YES;
				CLANG_WARN_DEPRECATED_OBJC_IMPLEMENTATIONS = YES;
				CLANG_WARN_DIRECT_OBJC_ISA_USAGE = YES_ERROR;
				CLANG_WARN_DOCUMENTATION_COMMENTS = YES;
				CLANG_WARN_EMPTY_BODY = YES;
				CLANG_WARN_ENUM_CONVERSION = YES;
				CLANG_WARN_INFINITE_RECURSION = YES;
				CLANG_WARN_INT_CONVERSION = YES;
				CLANG_WARN_NON_LITERAL_NULL_CONVERSION = YES;
				CLANG_WARN_OBJC_IMPLICIT_RETAIN_SELF = YES;
				CLANG_WARN_OBJC_LITERAL_CONVERSION = YES;
				CLANG_WARN_OBJC_ROOT_CLASS = YES_ERROR;
				CLANG_WARN_QUOTED_INCLUDE_IN_FRAMEWORK_HEADER = YES;
				CLANG_WARN_RANGE_LOOP_ANALYSIS = YES;
				CLANG_WARN_STRICT_PROTOTYPES = YES;
				CLANG_WARN_SUSPICIOUS_MOVE = YES;
				CLANG_WARN_UNGUARDED_AVAILABILITY = YES_AGGRESSIVE;
				CLANG_WARN_UNREACHABLE_CODE = YES;
				CLANG_WARN__DUPLICATE_METHOD_MATCH = YES;
				COPY_PHASE_STRIP = NO;
				DEBUG_INFORMATION_FORMAT = dwarf;
				ENABLE_STRICT_OBJC_MSGSEND = YES;
				ENABLE_TESTABILITY = YES;
				ENABLE_USER_SCRIPT_SANDBOXING = NO;
				GCC_C_LANGUAGE_STANDARD = gnu17;
				GCC_DYNAMIC_NO_PIC = NO;
				GCC_NO_COMMON_BLOCKS = YES;
				GCC_OPTIMIZATION_LEVEL = 0;
				GCC_PREPROCESSOR_DEFINITIONS = (
					"DEBUG=1",
					"$(inherited)",
				);
				GCC_WARN_64_TO_32_BIT_CONVERSION = YES;
				GCC_WARN_ABOUT_RETURN_TYPE = YES_ERROR;
				GCC_WARN_UNDECLARED_SELECTOR = YES;
				GCC_WARN_UNINITIALIZED_AUTOS = YES_AGGRESSIVE;
				GCC_WARN_UNUSED_FUNCTION = YES;
				GCC_WARN_UNUSED_VARIABLE = YES;
				IPHONEOS_DEPLOYMENT_TARGET = 18.2;
				LOCALIZATION_PREFERS_STRING_CATALOGS = YES;
				MTL_ENABLE_DEBUG_INFO = INCLUDE_SOURCE;
				MTL_FAST_MATH = YES;
				ONLY_ACTIVE_ARCH = YES;
				SDKROOT = iphoneos;
				SWIFT_ACTIVE_COMPILATION_CONDITIONS = "DEBUG $(inherited)";
				SWIFT_OPTIMIZATION_LEVEL = "-Onone";
			};
			name = Debug;
		};
		416951923F7A4EAB188B587A /* Release */ = {
			isa = XCBuildConfiguration;
			baseConfigurationReferenceAnchor = BAF483F320B2096A7FCE246F /* Configuration */;
			baseConfigurationReferenceRelativePath = Config.xcconfig;
			buildSettings = {
				ALWAYS_SEARCH_USER_PATHS = NO;
				ASSETCATALOG_COMPILER_GENERATE_SWIFT_ASSET_SYMBOL_EXTENSIONS = YES;
				CLANG_ANALYZER_NONNULL = YES;
				CLANG_ANALYZER_NUMBER_OBJECT_CONVERSION = YES_AGGRESSIVE;
				CLANG_CXX_LANGUAGE_STANDARD = "gnu++20";
				CLANG_ENABLE_MODULES = YES;
				CLANG_ENABLE_OBJC_ARC = YES;
				CLANG_ENABLE_OBJC_WEAK = YES;
				CLANG_WARN_BLOCK_CAPTURE_AUTORELEASING = YES;
				CLANG_WARN_BOOL_CONVERSION = YES;
				CLANG_WARN_COMMA = YES;
				CLANG_WARN_CONSTANT_CONVERSION = YES;
				CLANG_WARN_DEPRECATED_OBJC_IMPLEMENTATIONS = YES;
				CLANG_WARN_DIRECT_OBJC_ISA_USAGE = YES_ERROR;
				CLANG_WARN_DOCUMENTATION_COMMENTS = YES;
				CLANG_WARN_EMPTY_BODY = YES;
				CLANG_WARN_ENUM_CONVERSION = YES;
				CLANG_WARN_INFINITE_RECURSION = YES;
				CLANG_WARN_INT_CONVERSION = YES;
				CLANG_WARN_NON_LITERAL_NULL_CONVERSION = YES;
				CLANG_WARN_OBJC_IMPLICIT_RETAIN_SELF = YES;
				CLANG_WARN_OBJC_LITERAL_CONVERSION = YES;
				CLANG_WARN_OBJC_ROOT_CLASS = YES_ERROR;
				CLANG_WARN_QUOTED_INCLUDE_IN_FRAMEWORK_HEADER = YES;
				CLANG_WARN_RANGE_LOOP_ANALYSIS = YES;
				CLANG_WARN_STRICT_PROTOTYPES = YES;
				CLANG_WARN_SUSPICIOUS_MOVE = YES;
				CLANG_WARN_UNGUARDED_AVAILABILITY = YES_AGGRESSIVE;
				CLANG_WARN_UNREACHABLE_CODE = YES;
				CLANG_WARN__DUPLICATE_METHOD_MATCH = YES;
				COPY_PHASE_STRIP = NO;
				DEBUG_INFORMATION_FORMAT = "dwarf-with-dsym";
				ENABLE_NS_ASSERTIONS = NO;
				ENABLE_STRICT_OBJC_MSGSEND = YES;
				ENABLE_USER_SCRIPT_SANDBOXING = NO;
				GCC_C_LANGUAGE_STANDARD = gnu17;
				GCC_NO_COMMON_BLOCKS = YES;
				GCC_WARN_64_TO_32_BIT_CONVERSION = YES;
				GCC_WARN_ABOUT_RETURN_TYPE = YES_ERROR;
				GCC_WARN_UNDECLARED_SELECTOR = YES;
				GCC_WARN_UNINITIALIZED_AUTOS = YES_AGGRESSIVE;
				GCC_WARN_UNUSED_FUNCTION = YES;
				GCC_WARN_UNUSED_VARIABLE = YES;
				IPHONEOS_DEPLOYMENT_TARGET = 18.2;
				LOCALIZATION_PREFERS_STRING_CATALOGS = YES;
				MTL_ENABLE_DEBUG_INFO = NO;
				MTL_FAST_MATH = YES;
				SDKROOT = iphoneos;
				SWIFT_COMPILATION_MODE = wholemodule;
				VALIDATE_PRODUCT = YES;
			};
			name = Release;
		};
		AA1B2C3D4E5F6A7B8C9D0E07 /* Debug */ = {
			isa = XCBuildConfiguration;
			buildSettings = {
				CODE_SIGN_ENTITLEMENTS = MateDashWidgets/MateDashWidgetsExtension.entitlements;
				CODE_SIGN_STYLE = Automatic;
				DEVELOPMENT_TEAM = 4UZD57F52C;
				FRAMEWORK_SEARCH_PATHS = "";
				GENERATE_INFOPLIST_FILE = YES;
				INFOPLIST_FILE = MateDashWidgets/Info.plist;
				INFOPLIST_KEY_CFBundleDisplayName = MateDashWidgets;
				INFOPLIST_KEY_NSHumanReadableCopyright = "";
				LD_RUNPATH_SEARCH_PATHS = (
					"$(inherited)",
					"@executable_path/Frameworks",
					"@executable_path/../../Frameworks",
				);
				OTHER_LDFLAGS = "";
				PRODUCT_BUNDLE_IDENTIFIER = com.soooool.matedash.MateDash.Widgets;
				PRODUCT_NAME = "$(TARGET_NAME)";
				SKIP_INSTALL = YES;
				SWIFT_EMIT_LOC_STRINGS = YES;
				SWIFT_VERSION = 5.0;
				TARGETED_DEVICE_FAMILY = "1,2";
			};
			name = Debug;
		};
		AA1B2C3D4E5F6A7B8C9D0E08 /* Release */ = {
			isa = XCBuildConfiguration;
			buildSettings = {
				CODE_SIGN_ENTITLEMENTS = MateDashWidgets/MateDashWidgetsExtension.entitlements;
				CODE_SIGN_STYLE = Automatic;
				DEVELOPMENT_TEAM = 4UZD57F52C;
				FRAMEWORK_SEARCH_PATHS = "";
				GENERATE_INFOPLIST_FILE = YES;
				INFOPLIST_FILE = MateDashWidgets/Info.plist;
				INFOPLIST_KEY_CFBundleDisplayName = MateDashWidgets;
				INFOPLIST_KEY_NSHumanReadableCopyright = "";
				LD_RUNPATH_SEARCH_PATHS = (
					"$(inherited)",
					"@executable_path/Frameworks",
					"@executable_path/../../Frameworks",
				);
				OTHER_LDFLAGS = "";
				PRODUCT_BUNDLE_IDENTIFIER = com.soooool.matedash.MateDash.Widgets;
				PRODUCT_NAME = "$(TARGET_NAME)";
				SKIP_INSTALL = YES;
				SWIFT_EMIT_LOC_STRINGS = YES;
				SWIFT_VERSION = 5.0;
				TARGETED_DEVICE_FAMILY = "1,2";
			};
			name = Release;
		};
		BB1B2C3D4E5F6A7B8C9D0E07 /* Debug */ = {
			isa = XCBuildConfiguration;
			buildSettings = {
				CODE_SIGN_ENTITLEMENTS = MateDashShare/MateDashShare.entitlements;
				CODE_SIGN_STYLE = Automatic;
				DEVELOPMENT_TEAM = 4UZD57F52C;
				GENERATE_INFOPLIST_FILE = YES;
				INFOPLIST_FILE = MateDashShare/Info.plist;
				INFOPLIST_KEY_CFBundleDisplayName = "MateDash";
				INFOPLIST_KEY_NSHumanReadableCopyright = "";
				LD_RUNPATH_SEARCH_PATHS = (
					"$(inherited)",
					"@executable_path/Frameworks",
					"@executable_path/../../Frameworks",
				);
				PRODUCT_BUNDLE_IDENTIFIER = com.soooool.matedash.MateDash.Share;
				PRODUCT_NAME = "$(TARGET_NAME)";
				SKIP_INSTALL = YES;
				SWIFT_EMIT_LOC_STRINGS = YES;
				SWIFT_VERSION = 5.0;
				TARGETED_DEVICE_FAMILY = "1,2";
			};
			name = Debug;
		};
		BB1B2C3D4E5F6A7B8C9D0E08 /* Release */ = {
			isa = XCBuildConfiguration;
			buildSettings = {
				CODE_SIGN_ENTITLEMENTS = MateDashShare/MateDashShare.entitlements;
				CODE_SIGN_STYLE = Automatic;
				DEVELOPMENT_TEAM = 4UZD57F52C;
				GENERATE_INFOPLIST_FILE = YES;
				INFOPLIST_FILE = MateDashShare/Info.plist;
				INFOPLIST_KEY_CFBundleDisplayName = "MateDash";
				INFOPLIST_KEY_NSHumanReadableCopyright = "";
				LD_RUNPATH_SEARCH_PATHS = (
					"$(inherited)",
					"@executable_path/Frameworks",
					"@executable_path/../../Frameworks",
				);
				PRODUCT_BUNDLE_IDENTIFIER = com.soooool.matedash.MateDash.Share;
				PRODUCT_NAME = "$(TARGET_NAME)";
				SKIP_INSTALL = YES;
				SWIFT_EMIT_LOC_STRINGS = YES;
				SWIFT_VERSION = 5.0;
				TARGETED_DEVICE_FAMILY = "1,2";
			};
			name = Release;
		};
/* End XCBuildConfiguration section */

/* Begin XCConfigurationList section */
		155B6706D9603BF3BDACDD55 /* Build configuration list for PBXNativeTarget "iosApp" */ = {
			isa = XCConfigurationList;
			buildConfigurations = (
				044508CBAA500F95384A1C7F /* Debug */,
				10348C60ECB32314CB788337 /* Release */,
			);
			defaultConfigurationIsVisible = 0;
			defaultConfigurationName = Release;
		};
		2315950FF7C58DDECB9BE095 /* Build configuration list for PBXProject "iosApp" */ = {
			isa = XCConfigurationList;
			buildConfigurations = (
				234B5ABD2096CD1BF6AD7E95 /* Debug */,
				416951923F7A4EAB188B587A /* Release */,
			);
			defaultConfigurationIsVisible = 0;
			defaultConfigurationName = Release;
		};
		AA1B2C3D4E5F6A7B8C9D0E06 /* Build configuration list for PBXNativeTarget "MateDashWidgetsExtension" */ = {
			isa = XCConfigurationList;
			buildConfigurations = (
				AA1B2C3D4E5F6A7B8C9D0E07 /* Debug */,
				AA1B2C3D4E5F6A7B8C9D0E08 /* Release */,
			);
			defaultConfigurationIsVisible = 0;
			defaultConfigurationName = Release;
		};
		BB1B2C3D4E5F6A7B8C9D0E06 /* Build configuration list for PBXNativeTarget "MateDashShareExtension" */ = {
			isa = XCConfigurationList;
			buildConfigurations = (
				BB1B2C3D4E5F6A7B8C9D0E07 /* Debug */,
				BB1B2C3D4E5F6A7B8C9D0E08 /* Release */,
			);
			defaultConfigurationIsVisible = 0;
			defaultConfigurationName = Release;
		};
/* End XCConfigurationList section */
	};
	rootObject = 6CFFEFA9B5BB8B237FDD0DA4 /* Project object */;
}
